
Microsoft Visual Studio Solution File, Format Version 12.00
# Visual Studio Version 17
VisualStudioVersion = 17.5.002.0
MinimumVisualStudioVersion = 10.0.40219.1
Project("{9A19103F-16F7-4668-BE54-9A1E7A4F7556}") = "AthanApp", "AthanApp.csproj", "{CB82E7C0-F97F-4B35-BBF0-0CC4E223F84F}"
EndProject
Global
	GlobalSection(SolutionConfigurationPlatforms) = preSolution
		Debug|Any CPU = Debug|Any CPU
		Release|Any CPU = Release|Any CPU
	EndGlobalSection
	GlobalSection(ProjectConfigurationPlatforms) = postSolution
		{CB82E7C0-F97F-4B35-BBF0-0CC4E223F84F}.Debug|Any CPU.ActiveCfg = Debug|Any CPU
		{CB82E7C0-F97F-4B35-BBF0-0CC4E223F84F}.Debug|Any CPU.Build.0 = Debug|Any CPU
		{CB82E7C0-F97F-4B35-BBF0-0CC4E223F84F}.Release|Any CPU.ActiveCfg = Release|Any CPU
		{CB82E7C0-F97F-4B35-BBF0-0CC4E223F84F}.Release|Any CPU.Build.0 = Release|Any CPU
	EndGlobalSection
	GlobalSection(SolutionProperties) = preSolution
		HideSolutionNode = FALSE
	EndGlobalSection
	GlobalSection(ExtensibilityGlobals) = postSolution
		SolutionGuid = {2B6FB603-7EE9-44EE-A27C-F4650E002F20}
	EndGlobalSection
EndGlobal
